
Microsoft Visual Studio Solution File, Format Version 12.00
# Visual Studio Version 16
VisualStudioVersion = 16.0.30204.135
MinimumVisualStudioVersion = 10.0.40219.1
Project("{FAE04EC0-301F-11D3-BF4B-00C04F79EFBC}") = "MediatorPattern", "MediatorPattern\MediatorPattern.csproj", "{52466D75-496D-4C46-941C-E38194959E1B}"
EndProject
Global
	GlobalSection(SolutionConfigurationPlatforms) = preSolution
		Debug|Any CPU = Debug|Any CPU
		Release|Any CPU = Release|Any CPU
	EndGlobalSection
	GlobalSection(ProjectConfigurationPlatforms) = postSolution
		{52466D75-496D-4C46-941C-E38194959E1B}.Debug|Any CPU.ActiveCfg = Debug|Any CPU
		{52466D75-496D-4C46-941C-E38194959E1B}.Debug|Any CPU.Build.0 = Debug|Any CPU
		{52466D75-496D-4C46-941C-E38194959E1B}.Release|Any CPU.ActiveCfg = Release|Any CPU
		{52466D75-496D-4C46-941C-E38194959E1B}.Release|Any CPU.Build.0 = Release|Any CPU
	EndGlobalSection
	GlobalSection(SolutionProperties) = preSolution
		HideSolutionNode = FALSE
	EndGlobalSection
	GlobalSection(ExtensibilityGlobals) = postSolution
		SolutionGuid = {0AEE3116-E055-44DB-8C56-0AC3FE918A30}
	EndGlobalSection
EndGlobal
