
Microsoft Visual Studio Solution File, Format Version 12.00
# Visual Studio Version 16
VisualStudioVersion = 16.0.30204.135
MinimumVisualStudioVersion = 10.0.40219.1
Project("{FAE04EC0-301F-11D3-BF4B-00C04F79EFBC}") = "ChainOfResponsibiltDesignPattern", "ChainOfResponsibiltDesignPattern\ChainOfResponsibiltDesignPattern.csproj", "{71FB01B9-1A6A-4009-AB1E-8BA4F18A1016}"
EndProject
Global
	GlobalSection(SolutionConfigurationPlatforms) = preSolution
		Debug|Any CPU = Debug|Any CPU
		Release|Any CPU = Release|Any CPU
	EndGlobalSection
	GlobalSection(ProjectConfigurationPlatforms) = postSolution
		{71FB01B9-1A6A-4009-AB1E-8BA4F18A1016}.Debug|Any CPU.ActiveCfg = Debug|Any CPU
		{71FB01B9-1A6A-4009-AB1E-8BA4F18A1016}.Debug|Any CPU.Build.0 = Debug|Any CPU
		{71FB01B9-1A6A-4009-AB1E-8BA4F18A1016}.Release|Any CPU.ActiveCfg = Release|Any CPU
		{71FB01B9-1A6A-4009-AB1E-8BA4F18A1016}.Release|Any CPU.Build.0 = Release|Any CPU
	EndGlobalSection
	GlobalSection(SolutionProperties) = preSolution
		HideSolutionNode = FALSE
	EndGlobalSection
	GlobalSection(ExtensibilityGlobals) = postSolution
		SolutionGuid = {AD389736-E390-4341-86FF-1891EA3B9FAF}
	EndGlobalSection
EndGlobal
